<Solution>
  <Folder Name="/cafeservello-backend/" />
  <Folder Name="/cafeservello-backend/Common/" />
  <Folder Name="/cafeservello-backend/Common/1 - Presentation/">
    <Project Path="cafeservello-backend/Common/Cafeservello.Common.Presentation/Cafeservello.Common.Presentation.csproj" Id="c7476849-1f69-4995-9c97-2ed85071e536" />
  </Folder>
  <Folder Name="/cafeservello-backend/Common/2 - Application/" />
  <Folder Name="/cafeservello-backend/Common/3 - Domain/">
    <Project Path="cafeservello-backend/Common/Cafeservello.Common.Domain/Cafeservello.Common.Domain.csproj" />
  </Folder>
  <Folder Name="/cafeservello-backend/Common/4 - Infrastructure/" />
  <Folder Name="/cafeservello-backend/Modules/" />
  <Folder Name="/cafeservello-backend/Modules/Users/" />
  <Folder Name="/cafeservello-backend/Modules/Users/1 - Presentation/">
    <Project Path="cafeservello-backend/Modules/Users/Cafeservello.Modules.Presentation.Users/Cafeservello.Modules.Presentation.Users.csproj" Id="7594009d-4151-467d-8038-0af1706fbf18" />
  </Folder>
  <Folder Name="/cafeservello-backend/Modules/Users/2 - Application/" />
  <Folder Name="/cafeservello-backend/Modules/Users/3 - Domain/">
    <Project Path="cafeservello-backend/Modules/Users/Cafeservello.Modules.Domain.Users/Cafeservello.Modules.Domain.Users.csproj" />
  </Folder>
  <Folder Name="/cafeservello-backend/Modules/Users/4 - Infrastructure/" />
</Solution>
