<Solution>
  <Folder Name="/Common/" />
  <Folder Name="/Common/1 - Presentation/" />
  <Folder Name="/Common/2 - Application/" />
  <Folder Name="/Common/3 - Domain/">
    <Project Path="Common/Cafeservello.Common.Domain/Cafeservello.Common.Domain.csproj" />
  </Folder>
  <Folder Name="/Common/4 - Infrastructure/" />
  <Folder Name="/Modules/" />
  <Folder Name="/Modules/User/" />
  <Folder Name="/Modules/User/1 - Presentation/" />
  <Folder Name="/Modules/User/2 - Application/" />
  <Folder Name="/Modules/User/3 - Domain/">
    <Project Path="Modules/User/Cafeservello.Modules.Domain.User/Cafeservello.Modules.Domain.User.csproj" />
  </Folder>
  <Folder Name="/Modules/User/4 - Infrastructure/" />
</Solution>
